// !$*UTF8*$!
{
	archiveVersion = 1;
	classes = {
	};
	objectVersion = 77;
	objects = {

/* Begin PBXContainerItemProxy section */
		F21CA5E62D6FFB290046AA5D /* PBXContainerItemProxy */ = {
			isa = PBXContainerItemProxy;
			containerPortal = F21CA5CD2D6FFB260046AA5D /* Project object */;
			proxyType = 1;
			remoteGlobalIDString = F21CA5D42D6FFB260046AA5D;
			remoteInfo = "eco-recyclr-Mobile";
		};
		F21CA5F02D6FFB290046AA5D /* PBXContainerItemProxy */ = {
			isa = PBXContainerItemProxy;
			containerPortal = F21CA5CD2D6FFB260046AA5D /* Project object */;
			proxyType = 1;
			remoteGlobalIDString = F21CA5D42D6FFB260046AA5D;
			remoteInfo = "eco-recyclr-Mobile";
		};
/* End PBXContainerItemProxy section */

/* Begin PBXFileReference section */
		F21CA5D52D6FFB260046AA5D /* eco-recyclr-Mobile.app */ = {isa = PBXFileReference; explicitFileType = wrapper.application; includeInIndex = 0; path = "eco-recyclr-Mobile.app"; sourceTree = BUILT_PRODUCTS_DIR; };
		F21CA5E52D6FFB290046AA5D /* eco-recyclr-MobileTests.xctest */ = {isa = PBXFileReference; explicitFileType = wrapper.cfbundle; includeInIndex = 0; path = "eco-recyclr-MobileTests.xctest"; sourceTree = BUILT_PRODUCTS_DIR; };
		F21CA5EF2D6FFB290046AA5D /* eco-recyclr-MobileUITests.xctest */ = {isa = PBXFileReference; explicitFileType = wrapper.cfbundle; includeInIndex = 0; path = "eco-recyclr-MobileUITests.xctest"; sourceTree = BUILT_PRODUCTS_DIR; };
/* End PBXFileReference section */

/* Begin PBXFileSystemSynchronizedRootGroup section */
		F21CA5D72D6FFB260046AA5D /* eco-recyclr-Mobile */ = {
			isa = PBXFileSystemSynchronizedRootGroup;
			path = "eco-recyclr-Mobile";
			sourceTree = "<group>";
		};
		F21CA5E82D6FFB290046AA5D /* eco-recyclr-MobileTests */ = {
			isa = PBXFileSystemSynchronizedRootGroup;
			path = "eco-recyclr-MobileTests";
			sourceTree = "<group>";
		};
		F21CA5F22D6FFB290046AA5D /* eco-recyclr-MobileUITests */ = {
			isa = PBXFileSystemSynchronizedRootGroup;
			path = "eco-recyclr-MobileUITests";
			sourceTree = "<group>";
		};
/* End PBXFileSystemSynchronizedRootGroup section */

/* Begin PBXFrameworksBuildPhase section */
		F21CA5D22D6FFB260046AA5D /* Frameworks */ = {
			isa = PBXFrameworksBuildPhase;
			buildActionMask = 2147483647;
			files = (
			);
			runOnlyForDeploymentPostprocessing = 0;
		};
		F21CA5E22D6FFB290046AA5D /* Frameworks */ = {
			isa = PBXFrameworksBuildPhase;
			buildActionMask = 2147483647;
			files = (
			);
			runOnlyForDeploymentPostprocessing = 0;
		};
		F21CA5EC2D6FFB290046AA5D /* Frameworks */ = {
			isa = PBXFrameworksBuildPhase;
			buildActionMask = 2147483647;
			files = (
			);
			runOnlyForDeploymentPostprocessing = 0;
		};
/* End PBXFrameworksBuildPhase section */

/* Begin PBXGroup section */
		F21CA5CC2D6FFB260046AA5D = {
			isa = PBXGroup;
			children = (
				F21CA5D72D6FFB260046AA5D /* eco-recyclr-Mobile */,
				F21CA5E82D6FFB290046AA5D /* eco-recyclr-MobileTests */,
				F21CA5F22D6FFB290046AA5D /* eco-recyclr-MobileUITests */,
				F21CA5D62D6FFB260046AA5D /* Products */,
			);
			sourceTree = "<group>";
		};
		F21CA5D62D6FFB260046AA5D /* Products */ = {
			isa = PBXGroup;
			children = (
				F21CA5D52D6FFB260046AA5D /* eco-recyclr-Mobile.app */,
				F21CA5E52D6FFB290046AA5D /* eco-recyclr-MobileTests.xctest */,
				F21CA5EF2D6FFB290046AA5D /* eco-recyclr-MobileUITests.xctest */,
			);
			name = Products;
			sourceTree = "<group>";
		};
/* End PBXGroup section */

/* Begin PBXNativeTarget section */
		F21CA5D42D6FFB260046AA5D /* eco-recyclr-Mobile */ = {
			isa = PBXNativeTarget;
			buildConfigurationList = F21CA5F92D6FFB290046AA5D /* Build configuration list for PBXNativeTarget "eco-recyclr-Mobile" */;
			buildPhases = (
				F21CA5D12D6FFB260046AA5D /* Sources */,
				F21CA5D22D6FFB260046AA5D /* Frameworks */,
				F21CA5D32D6FFB260046AA5D /* Resources */,
			);
			buildRules = (
			);
			dependencies = (
			);
			fileSystemSynchronizedGroups = (
				F21CA5D72D6FFB260046AA5D /* eco-recyclr-Mobile */,
			);
			name = "eco-recyclr-Mobile";
			packageProductDependencies = (
			);
			productName = "eco-recyclr-Mobile";
			productReference = F21CA5D52D6FFB260046AA5D /* eco-recyclr-Mobile.app */;
			productType = "com.apple.product-type.application";
		};
		F21CA5E42D6FFB290046AA5D /* eco-recyclr-MobileTests */ = {
			isa = PBXNativeTarget;
			buildConfigurationList = F21CA5FC2D6FFB290046AA5D /* Build configuration list for PBXNativeTarget "eco-recyclr-MobileTests" */;
			buildPhases = (
				F21CA5E12D6FFB290046AA5D /* Sources */,
				F21CA5E22D6FFB290046AA5D /* Frameworks */,
				F21CA5E32D6FFB290046AA5D /* Resources */,
			);
			buildRules = (
			);
			dependencies = (
				F21CA5E72D6FFB290046AA5D /* PBXTargetDependency */,
			);
			fileSystemSynchronizedGroups = (
				F21CA5E82D6FFB290046AA5D /* eco-recyclr-MobileTests */,
			);
			name = "eco-recyclr-MobileTests";
			packageProductDependencies = (
			);
			productName = "eco-recyclr-MobileTests";
			productReference = F21CA5E52D6FFB290046AA5D /* eco-recyclr-MobileTests.xctest */;
			productType = "com.apple.product-type.bundle.unit-test";
		};
		F21CA5EE2D6FFB290046AA5D /* eco-recyclr-MobileUITests */ = {
			isa = PBXNativeTarget;
			buildConfigurationList = F21CA5FF2D6FFB290046AA5D /* Build configuration list for PBXNativeTarget "eco-recyclr-MobileUITests" */;
			buildPhases = (
				F21CA5EB2D6FFB290046AA5D /* Sources */,
				F21CA5EC2D6FFB290046AA5D /* Frameworks */,
				F21CA5ED2D6FFB290046AA5D /* Resources */,
			);
			buildRules = (
			);
			dependencies = (
				F21CA5F12D6FFB290046AA5D /* PBXTargetDependency */,
			);
			fileSystemSynchronizedGroups = (
				F21CA5F22D6FFB290046AA5D /* eco-recyclr-MobileUITests */,
			);
			name = "eco-recyclr-MobileUITests";
			packageProductDependencies = (
			);
			productName = "eco-recyclr-MobileUITests";
			productReference = F21CA5EF2D6FFB290046AA5D /* eco-recyclr-MobileUITests.xctest */;
			productType = "com.apple.product-type.bundle.ui-testing";
		};
/* End PBXNativeTarget section */

/* Begin PBXProject section */
		F21CA5CD2D6FFB260046AA5D /* Project object */ = {
			isa = PBXProject;
			attributes = {
				BuildIndependentTargetsInParallel = 1;
				LastSwiftUpdateCheck = 1620;
				LastUpgradeCheck = 1620;
				TargetAttributes = {
					F21CA5D42D6FFB260046AA5D = {
						CreatedOnToolsVersion = 16.2;
					};
					F21CA5E42D6FFB290046AA5D = {
						CreatedOnToolsVersion = 16.2;
						TestTargetID = F21CA5D42D6FFB260046AA5D;
					};
					F21CA5EE2D6FFB290046AA5D = {
						CreatedOnToolsVersion = 16.2;
						TestTargetID = F21CA5D42D6FFB260046AA5D;
					};
				};
			};
			buildConfigurationList = F21CA5D02D6FFB260046AA5D /* Build configuration list for PBXProject "eco-recyclr-Mobile" */;
			developmentRegion = en;
			hasScannedForEncodings = 0;
			knownRegions = (
				en,
				Base,
			);
			mainGroup = F21CA5CC2D6FFB260046AA5D;
			minimizedProjectReferenceProxies = 1;
			preferredProjectObjectVersion = 77;
			productRefGroup = F21CA5D62D6FFB260046AA5D /* Products */;
			projectDirPath = "";
			projectRoot = "";
			targets = (
				F21CA5D42D6FFB260046AA5D /* eco-recyclr-Mobile */,
				F21CA5E42D6FFB290046AA5D /* eco-recyclr-MobileTests */,
				F21CA5EE2D6FFB290046AA5D /* eco-recyclr-MobileUITests */,
			);
		};
/* End PBXProject section */

/* Begin PBXResourcesBuildPhase section */
		F21CA5D32D6FFB260046AA5D /* Resources */ = {
			isa = PBXResourcesBuildPhase;
			buildActionMask = 2147483647;
			files = (
			);
			runOnlyForDeploymentPostprocessing = 0;
		};
		F21CA5E32D6FFB290046AA5D /* Resources */ = {
			isa = PBXResourcesBuildPhase;
			buildActionMask = 2147483647;
			files = (
			);
			runOnlyForDeploymentPostprocessing = 0;
		};
		F21CA5ED2D6FFB290046AA5D /* Resources */ = {
			isa = PBXResourcesBuildPhase;
			buildActionMask = 2147483647;
			files = (
			);
			runOnlyForDeploymentPostprocessing = 0;
		};
/* End PBXResourcesBuildPhase section */

/* Begin PBXSourcesBuildPhase section */
		F21CA5D12D6FFB260046AA5D /* Sources */ = {
			isa = PBXSourcesBuildPhase;
			buildActionMask = 2147483647;
			files = (
			);
			runOnlyForDeploymentPostprocessing = 0;
		};
		F21CA5E12D6FFB290046AA5D /* Sources */ = {
			isa = PBXSourcesBuildPhase;
			buildActionMask = 2147483647;
			files = (
			);
			runOnlyForDeploymentPostprocessing = 0;
		};
		F21CA5EB2D6FFB290046AA5D /* Sources */ = {
			isa = PBXSourcesBuildPhase;
			buildActionMask = 2147483647;
			files = (
			);
			runOnlyForDeploymentPostprocessing = 0;
		};
/* End PBXSourcesBuildPhase section */

/* Begin PBXTargetDependency section */
		F21CA5E72D6FFB290046AA5D /* PBXTargetDependency */ = {
			isa = PBXTargetDependency;
			target = F21CA5D42D6FFB260046AA5D /* eco-recyclr-Mobile */;
			targetProxy = F21CA5E62D6FFB290046AA5D /* PBXContainerItemProxy */;
		};
		F21CA5F12D6FFB290046AA5D /* PBXTargetDependency */ = {
			isa = PBXTargetDependency;
			target = F21CA5D42D6FFB260046AA5D /* eco-recyclr-Mobile */;
			targetProxy = F21CA5F02D6FFB290046AA5D /* PBXContainerItemProxy */;
		};
/* End PBXTargetDependency section */

/* Begin XCBuildConfiguration section */
		F21CA5F72D6FFB290046AA5D /* Debug */ = {
			isa = XCBuildConfiguration;
			buildSettings = {
				ALWAYS_SEARCH_USER_PATHS = NO;
				ASSETCATALOG_COMPILER_GENERATE_SWIFT_ASSET_SYMBOL_EXTENSIONS = YES;
				CLANG_ANALYZER_NONNULL = YES;
				CLANG_ANALYZER_NUMBER_OBJECT_CONVERSION = YES_AGGRESSIVE;
				CLANG_CXX_LANGUAGE_STANDARD = "gnu++20";
				CLANG_ENABLE_MODULES = YES;
				CLANG_ENABLE_OBJC_ARC = YES;
				CLANG_ENABLE_OBJC_WEAK = YES;
				CLANG_WARN_BLOCK_CAPTURE_AUTORELEASING = YES;
				CLANG_WARN_BOOL_CONVERSION = YES;
				CLANG_WARN_COMMA = YES;
				CLANG_WARN_CONSTANT_CONVERSION = YES;
				CLANG_WARN_DEPRECATED_OBJC_IMPLEMENTATIONS = YES;
				CLANG_WARN_DIRECT_OBJC_ISA_USAGE = YES_ERROR;
				CLANG_WARN_DOCUMENTATION_COMMENTS = YES;
				CLANG_WARN_EMPTY_BODY = YES;
				CLANG_WARN_ENUM_CONVERSION = YES;
				CLANG_WARN_INFINITE_RECURSION = YES;
				CLANG_WARN_INT_CONVERSION = YES;
				CLANG_WARN_NON_LITERAL_NULL_CONVERSION = YES;
				CLANG_WARN_OBJC_IMPLICIT_RETAIN_SELF = YES;
				CLANG_WARN_OBJC_LITERAL_CONVERSION = YES;
				CLANG_WARN_OBJC_ROOT_CLASS = YES_ERROR;
				CLANG_WARN_QUOTED_INCLUDE_IN_FRAMEWORK_HEADER = YES;
				CLANG_WARN_RANGE_LOOP_ANALYSIS = YES;
				CLANG_WARN_STRICT_PROTOTYPES = YES;
				CLANG_WARN_SUSPICIOUS_MOVE = YES;
				CLANG_WARN_UNGUARDED_AVAILABILITY = YES_AGGRESSIVE;
				CLANG_WARN_UNREACHABLE_CODE = YES;
				CLANG_WARN__DUPLICATE_METHOD_MATCH = YES;
				COPY_PHASE_STRIP = NO;
				DEBUG_INFORMATION_FORMAT = dwarf;
				ENABLE_STRICT_OBJC_MSGSEND = YES;
				ENABLE_TESTABILITY = YES;
				ENABLE_USER_SCRIPT_SANDBOXING = YES;
				GCC_C_LANGUAGE_STANDARD = gnu17;
				GCC_DYNAMIC_NO_PIC = NO;
				GCC_NO_COMMON_BLOCKS = YES;
				GCC_OPTIMIZATION_LEVEL = 0;
				GCC_PREPROCESSOR_DEFINITIONS = (
					"DEBUG=1",
					"$(inherited)",
				);
				GCC_WARN_64_TO_32_BIT_CONVERSION = YES;
				GCC_WARN_ABOUT_RETURN_TYPE = YES_ERROR;
				GCC_WARN_UNDECLARED_SELECTOR = YES;
				GCC_WARN_UNINITIALIZED_AUTOS = YES_AGGRESSIVE;
				GCC_WARN_UNUSED_FUNCTION = YES;
				GCC_WARN_UNUSED_VARIABLE = YES;
				IPHONEOS_DEPLOYMENT_TARGET = 18.2;
				LOCALIZATION_PREFERS_STRING_CATALOGS = YES;
				MTL_ENABLE_DEBUG_INFO = INCLUDE_SOURCE;
				MTL_FAST_MATH = YES;
				ONLY_ACTIVE_ARCH = YES;
				SDKROOT = iphoneos;
				SWIFT_ACTIVE_COMPILATION_CONDITIONS = "DEBUG $(inherited)";
				SWIFT_OPTIMIZATION_LEVEL = "-Onone";
			};
			name = Debug;
		};
		F21CA5F82D6FFB290046AA5D /* Release */ = {
			isa = XCBuildConfiguration;
			buildSettings = {
				ALWAYS_SEARCH_USER_PATHS = NO;
				ASSETCATALOG_COMPILER_GENERATE_SWIFT_ASSET_SYMBOL_EXTENSIONS = YES;
				CLANG_ANALYZER_NONNULL = YES;
				CLANG_ANALYZER_NUMBER_OBJECT_CONVERSION = YES_AGGRESSIVE;
				CLANG_CXX_LANGUAGE_STANDARD = "gnu++20";
				CLANG_ENABLE_MODULES = YES;
				CLANG_ENABLE_OBJC_ARC = YES;
				CLANG_ENABLE_OBJC_WEAK = YES;
				CLANG_WARN_BLOCK_CAPTURE_AUTORELEASING = YES;
				CLANG_WARN_BOOL_CONVERSION = YES;
				CLANG_WARN_COMMA = YES;
				CLANG_WARN_CONSTANT_CONVERSION = YES;
				CLANG_WARN_DEPRECATED_OBJC_IMPLEMENTATIONS = YES;
				CLANG_WARN_DIRECT_OBJC_ISA_USAGE = YES_ERROR;
				CLANG_WARN_DOCUMENTATION_COMMENTS = YES;
				CLANG_WARN_EMPTY_BODY = YES;
				CLANG_WARN_ENUM_CONVERSION = YES;
				CLANG_WARN_INFINITE_RECURSION = YES;
				CLANG_WARN_INT_CONVERSION = YES;
				CLANG_WARN_NON_LITERAL_NULL_CONVERSION = YES;
				CLANG_WARN_OBJC_IMPLICIT_RETAIN_SELF = YES;
				CLANG_WARN_OBJC_LITERAL_CONVERSION = YES;
				CLANG_WARN_OBJC_ROOT_CLASS = YES_ERROR;
				CLANG_WARN_QUOTED_INCLUDE_IN_FRAMEWORK_HEADER = YES;
				CLANG_WARN_RANGE_LOOP_ANALYSIS = YES;
				CLANG_WARN_STRICT_PROTOTYPES = YES;
				CLANG_WARN_SUSPICIOUS_MOVE = YES;
				CLANG_WARN_UNGUARDED_AVAILABILITY = YES_AGGRESSIVE;
				CLANG_WARN_UNREACHABLE_CODE = YES;
				CLANG_WARN__DUPLICATE_METHOD_MATCH = YES;
				COPY_PHASE_STRIP = NO;
				DEBUG_INFORMATION_FORMAT = "dwarf-with-dsym";
				ENABLE_NS_ASSERTIONS = NO;
				ENABLE_STRICT_OBJC_MSGSEND = YES;
				ENABLE_USER_SCRIPT_SANDBOXING = YES;
				GCC_C_LANGUAGE_STANDARD = gnu17;
				GCC_NO_COMMON_BLOCKS = YES;
				GCC_WARN_64_TO_32_BIT_CONVERSION = YES;
				GCC_WARN_ABOUT_RETURN_TYPE = YES_ERROR;
				GCC_WARN_UNDECLARED_SELECTOR = YES;
				GCC_WARN_UNINITIALIZED_AUTOS = YES_AGGRESSIVE;
				GCC_WARN_UNUSED_FUNCTION = YES;
				GCC_WARN_UNUSED_VARIABLE = YES;
				IPHONEOS_DEPLOYMENT_TARGET = 18.2;
				LOCALIZATION_PREFERS_STRING_CATALOGS = YES;
				MTL_ENABLE_DEBUG_INFO = NO;
				MTL_FAST_MATH = YES;
				SDKROOT = iphoneos;
				SWIFT_COMPILATION_MODE = wholemodule;
				VALIDATE_PRODUCT = YES;
			};
			name = Release;
		};
		F21CA5FA2D6FFB290046AA5D /* Debug */ = {
			isa = XCBuildConfiguration;
			buildSettings = {
				ASSETCATALOG_COMPILER_APPICON_NAME = AppIcon;
				ASSETCATALOG_COMPILER_GLOBAL_ACCENT_COLOR_NAME = AccentColor;
				CODE_SIGN_STYLE = Automatic;
				CURRENT_PROJECT_VERSION = 1;
				DEVELOPMENT_ASSET_PATHS = "\"eco-recyclr-Mobile/Preview Content\"";
				ENABLE_PREVIEWS = YES;
				GENERATE_INFOPLIST_FILE = YES;
				INFOPLIST_KEY_UIApplicationSceneManifest_Generation = YES;
				INFOPLIST_KEY_UIApplicationSupportsIndirectInputEvents = YES;
				INFOPLIST_KEY_UILaunchScreen_Generation = YES;
				INFOPLIST_KEY_UISupportedInterfaceOrientations_iPad = "UIInterfaceOrientationPortrait UIInterfaceOrientationPortraitUpsideDown UIInterfaceOrientationLandscapeLeft UIInterfaceOrientationLandscapeRight";
				INFOPLIST_KEY_UISupportedInterfaceOrientations_iPhone = "UIInterfaceOrientationPortrait UIInterfaceOrientationLandscapeLeft UIInterfaceOrientationLandscapeRight";
				LD_RUNPATH_SEARCH_PATHS = (
					"$(inherited)",
					"@executable_path/Frameworks",
				);
				MARKETING_VERSION = 1.0;
				PRODUCT_BUNDLE_IDENTIFIER = "com.MebAssistant.eco-recyclr-Mobile";
				PRODUCT_NAME = "$(TARGET_NAME)";
				SWIFT_EMIT_LOC_STRINGS = YES;
				SWIFT_VERSION = 5.0;
				TARGETED_DEVICE_FAMILY = "1,2";
			};
			name = Debug;
		};
		F21CA5FB2D6FFB290046AA5D /* Release */ = {
			isa = XCBuildConfiguration;
			buildSettings = {
				ASSETCATALOG_COMPILER_APPICON_NAME = AppIcon;
				ASSETCATALOG_COMPILER_GLOBAL_ACCENT_COLOR_NAME = AccentColor;
				CODE_SIGN_STYLE = Automatic;
				CURRENT_PROJECT_VERSION = 1;
				DEVELOPMENT_ASSET_PATHS = "\"eco-recyclr-Mobile/Preview Content\"";
				ENABLE_PREVIEWS = YES;
				GENERATE_INFOPLIST_FILE = YES;
				INFOPLIST_KEY_UIApplicationSceneManifest_Generation = YES;
				INFOPLIST_KEY_UIApplicationSupportsIndirectInputEvents = YES;
				INFOPLIST_KEY_UILaunchScreen_Generation = YES;
				INFOPLIST_KEY_UISupportedInterfaceOrientations_iPad = "UIInterfaceOrientationPortrait UIInterfaceOrientationPortraitUpsideDown UIInterfaceOrientationLandscapeLeft UIInterfaceOrientationLandscapeRight";
				INFOPLIST_KEY_UISupportedInterfaceOrientations_iPhone = "UIInterfaceOrientationPortrait UIInterfaceOrientationLandscapeLeft UIInterfaceOrientationLandscapeRight";
				LD_RUNPATH_SEARCH_PATHS = (
					"$(inherited)",
					"@executable_path/Frameworks",
				);
				MARKETING_VERSION = 1.0;
				PRODUCT_BUNDLE_IDENTIFIER = "com.MebAssistant.eco-recyclr-Mobile";
				PRODUCT_NAME = "$(TARGET_NAME)";
				SWIFT_EMIT_LOC_STRINGS = YES;
				SWIFT_VERSION = 5.0;
				TARGETED_DEVICE_FAMILY = "1,2";
			};
			name = Release;
		};
		F21CA5FD2D6FFB290046AA5D /* Debug */ = {
			isa = XCBuildConfiguration;
			buildSettings = {
				BUNDLE_LOADER = "$(TEST_HOST)";
				CODE_SIGN_STYLE = Automatic;
				CURRENT_PROJECT_VERSION = 1;
				GENERATE_INFOPLIST_FILE = YES;
				IPHONEOS_DEPLOYMENT_TARGET = 18.2;
				MARKETING_VERSION = 1.0;
				PRODUCT_BUNDLE_IDENTIFIER = "com.MebAssistant.eco-recyclr-MobileTests";
				PRODUCT_NAME = "$(TARGET_NAME)";
				SWIFT_EMIT_LOC_STRINGS = NO;
				SWIFT_VERSION = 5.0;
				TARGETED_DEVICE_FAMILY = "1,2";
				TEST_HOST = "$(BUILT_PRODUCTS_DIR)/eco-recyclr-Mobile.app/$(BUNDLE_EXECUTABLE_FOLDER_PATH)/eco-recyclr-Mobile";
			};
			name = Debug;
		};
		F21CA5FE2D6FFB290046AA5D /* Release */ = {
			isa = XCBuildConfiguration;
			buildSettings = {
				BUNDLE_LOADER = "$(TEST_HOST)";
				CODE_SIGN_STYLE = Automatic;
				CURRENT_PROJECT_VERSION = 1;
				GENERATE_INFOPLIST_FILE = YES;
				IPHONEOS_DEPLOYMENT_TARGET = 18.2;
				MARKETING_VERSION = 1.0;
				PRODUCT_BUNDLE_IDENTIFIER = "com.MebAssistant.eco-recyclr-MobileTests";
				PRODUCT_NAME = "$(TARGET_NAME)";
				SWIFT_EMIT_LOC_STRINGS = NO;
				SWIFT_VERSION = 5.0;
				TARGETED_DEVICE_FAMILY = "1,2";
				TEST_HOST = "$(BUILT_PRODUCTS_DIR)/eco-recyclr-Mobile.app/$(BUNDLE_EXECUTABLE_FOLDER_PATH)/eco-recyclr-Mobile";
			};
			name = Release;
		};
		F21CA6002D6FFB290046AA5D /* Debug */ = {
			isa = XCBuildConfiguration;
			buildSettings = {
				CODE_SIGN_STYLE = Automatic;
				CURRENT_PROJECT_VERSION = 1;
				GENERATE_INFOPLIST_FILE = YES;
				MARKETING_VERSION = 1.0;
				PRODUCT_BUNDLE_IDENTIFIER = "com.MebAssistant.eco-recyclr-MobileUITests";
				PRODUCT_NAME = "$(TARGET_NAME)";
				SWIFT_EMIT_LOC_STRINGS = NO;
				SWIFT_VERSION = 5.0;
				TARGETED_DEVICE_FAMILY = "1,2";
				TEST_TARGET_NAME = "eco-recyclr-Mobile";
			};
			name = Debug;
		};
		F21CA6012D6FFB290046AA5D /* Release */ = {
			isa = XCBuildConfiguration;
			buildSettings = {
				CODE_SIGN_STYLE = Automatic;
				CURRENT_PROJECT_VERSION = 1;
				GENERATE_INFOPLIST_FILE = YES;
				MARKETING_VERSION = 1.0;
				PRODUCT_BUNDLE_IDENTIFIER = "com.MebAssistant.eco-recyclr-MobileUITests";
				PRODUCT_NAME = "$(TARGET_NAME)";
				SWIFT_EMIT_LOC_STRINGS = NO;
				SWIFT_VERSION = 5.0;
				TARGETED_DEVICE_FAMILY = "1,2";
				TEST_TARGET_NAME = "eco-recyclr-Mobile";
			};
			name = Release;
		};
/* End XCBuildConfiguration section */

/* Begin XCConfigurationList section */
		F21CA5D02D6FFB260046AA5D /* Build configuration list for PBXProject "eco-recyclr-Mobile" */ = {
			isa = XCConfigurationList;
			buildConfigurations = (
				F21CA5F72D6FFB290046AA5D /* Debug */,
				F21CA5F82D6FFB290046AA5D /* Release */,
			);
			defaultConfigurationIsVisible = 0;
			defaultConfigurationName = Release;
		};
		F21CA5F92D6FFB290046AA5D /* Build configuration list for PBXNativeTarget "eco-recyclr-Mobile" */ = {
			isa = XCConfigurationList;
			buildConfigurations = (
				F21CA5FA2D6FFB290046AA5D /* Debug */,
				F21CA5FB2D6FFB290046AA5D /* Release */,
			);
			defaultConfigurationIsVisible = 0;
			defaultConfigurationName = Release;
		};
		F21CA5FC2D6FFB290046AA5D /* Build configuration list for PBXNativeTarget "eco-recyclr-MobileTests" */ = {
			isa = XCConfigurationList;
			buildConfigurations = (
				F21CA5FD2D6FFB290046AA5D /* Debug */,
				F21CA5FE2D6FFB290046AA5D /* Release */,
			);
			defaultConfigurationIsVisible = 0;
			defaultConfigurationName = Release;
		};
		F21CA5FF2D6FFB290046AA5D /* Build configuration list for PBXNativeTarget "eco-recyclr-MobileUITests" */ = {
			isa = XCConfigurationList;
			buildConfigurations = (
				F21CA6002D6FFB290046AA5D /* Debug */,
				F21CA6012D6FFB290046AA5D /* Release */,
			);
			defaultConfigurationIsVisible = 0;
			defaultConfigurationName = Release;
		};
/* End XCConfigurationList section */
	};
	rootObject = F21CA5CD2D6FFB260046AA5D /* Project object */;
}
